<?xml version="1.0" encoding="utf-8"?>
<Project ToolsVersion="4.0" xmlns="http://schemas.microsoft.com/developer/msbuild/2003">
  <ItemGroup>
    <Filter Include="assets">
      <UniqueIdentifier>{24240a51-8fdb-478f-8c1c-27cbca7adc3f}</UniqueIdentifier>
      <SourceControlFiles>False</SourceControlFiles>
    </Filter>
    <Filter Include="shaders">
      <UniqueIdentifier>{1d345cf5-0451-42e0-83a8-6a3f5a7203ca}</UniqueIdentifier>
    </Filter>
    <Filter Include="precompiled_headers">
      <UniqueIdentifier>{a498e4bc-580a-49d7-9a8e-ec57803fdcd4}</UniqueIdentifier>
    </Filter>
    <Filter Include="assets\terrain">
      <UniqueIdentifier>{f36a9860-d83a-4a9f-a747-a02ecec28e0e}</UniqueIdentifier>
    </Filter>
    <Filter Include="assets\defaults">
      <UniqueIdentifier>{6cf208bf-8e3c-4cb9-a6fc-05b01d638acd}</UniqueIdentifier>
    </Filter>
    <Filter Include="assets\images">
      <UniqueIdentifier>{fb621773-172d-4a26-bff4-bf00185b2be7}</UniqueIdentifier>
    </Filter>
  </ItemGroup>
  <ItemGroup>
    <ClCompile Include="source\cg_stdafx.cpp">
      <Filter>precompiled_headers</Filter>
    </ClCompile>
    <ClCompile Include="source\main.cpp" />
    <ClCompile Include="source\splines.cpp" />
    <ClCompile Include="source\IniUtil.cpp" />
  </ItemGroup>
  <ItemGroup>
    <ClInclude Include="source\cg_stdafx.hpp">
      <Filter>precompiled_headers</Filter>
    </ClInclude>
    <ClInclude Include="source\cg_targetver.hpp">
      <Filter>precompiled_headers</Filter>
    </ClInclude>
    <ClInclude Include="source\helper_functions.hpp" />
    <ClInclude Include="source\taa.hpp" />
    <ClInclude Include="shaders\shader_common_main.glsl" />
    <ClInclude Include="shaders\shader_cpu_common.h">
      <Filter>shaders</Filter>
    </ClInclude>
    <ClInclude Include="source\imgui_helper.hpp" />
    <ClInclude Include="source\splines.hpp" />
    <ClInclude Include="source\rdoc_helper.hpp" />
    <ClInclude Include="source\IniUtil.h" />
    <ClInclude Include="shaders\ffx_a.h" />
    <ClInclude Include="shaders\ffx_cas.h" />
  </ItemGroup>
  <ItemGroup>
    <None Include="shaders\sky_gradient.frag">
      <Filter>shaders</Filter>
    </None>
    <None Include="shaders\sky_gradient.vert">
      <Filter>shaders</Filter>
    </None>
    <None Include="shaders\blinnphong_and_normal_mapping.frag">
      <Filter>shaders</Filter>
    </None>
    <None Include="shaders\transform_and_pass_on.vert">
      <Filter>shaders</Filter>
    </None>
    <None Include="gears_vk\assets\1st_party\models\sphere.obj">
      <Filter>assets</Filter>
    </None>
    <None Include="shaders\lighting_pass.frag">
      <Filter>shaders</Filter>
    </None>
    <None Include="shaders\lighting_pass.vert">
      <Filter>shaders</Filter>
    </None>
    <None Include="shaders\taa.comp">
      <Filter>shaders</Filter>
    </None>
    <None Include="gears_vk\assets\sponza_with_plants_and_terrain.fscene">
      <Filter>assets</Filter>
    </None>
    <None Include="shaders\fwd_geometry.frag">
      <Filter>shaders</Filter>
    </None>
    <None Include="shaders\post_process.comp">
      <Filter>shaders</Filter>
    </None>
    <None Include="assets\models\Soccer_Ball_lores.obj">
      <Filter>assets</Filter>
    </None>
    <None Include="assets\models\sphere_smooth.obj">
      <Filter>assets</Filter>
    </None>
    <None Include="shaders\drawpath.frag">
      <Filter>shaders</Filter>
    </None>
    <None Include="shaders\drawpath.vert">
      <Filter>shaders</Filter>
    </None>
    <None Include="assets\defaults\camera_path.cam">
      <Filter>assets\defaults</Filter>
    </None>
    <None Include="shaders\testimage.frag">
      <Filter>shaders</Filter>
    </None>
    <None Include="shaders\testimage.vert">
      <Filter>shaders</Filter>
    </None>
    <None Include="shaders\sharpen.comp">
      <Filter>shaders</Filter>
    </None>
    <None Include="shaders\sharpen_cas.comp">
      <Filter>shaders</Filter>
    </None>
    <None Include="assets\models\goblin.dae">
      <Filter>assets</Filter>
    </None>
    <None Include="shaders\animatedObject.vert">
      <Filter>shaders</Filter>
    </None>
    <None Include="shaders\animatedObject_deferred.frag">
      <Filter>shaders</Filter>
    </None>
    <None Include="shaders\animatedObject_forward.frag">
      <Filter>shaders</Filter>
    </None>
  </ItemGroup>
  <ItemGroup>
    <Image Include="gears_vk\assets\3rd_party\textures\large_metal_debris\large_metal_debris_Base_Color.jpg">
      <Filter>assets\terrain</Filter>
    </Image>
    <Image Include="gears_vk\assets\3rd_party\textures\large_metal_debris\large_metal_debris_Displacement.jpg">
      <Filter>assets\terrain</Filter>
    </Image>
    <Image Include="gears_vk\assets\3rd_party\textures\large_metal_debris\large_metal_debris_Normal.jpg">
      <Filter>assets\terrain</Filter>
    </Image>
    <Image Include="assets\images\Forest_Sunlight_Background-954.jpg">
      <Filter>assets\images</Filter>
    </Image>
    <Image Include="assets\images\Barcelona_Spain_Background-1421.jpg">
      <Filter>assets\images</Filter>
    </Image>
    <Image Include="assets\images\Chinese_HDTV_test_card.png">
      <Filter>assets\images</Filter>
    </Image>
    <Image Include="assets\models\goblin.dds">
      <Filter>assets</Filter>
    </Image>
  </ItemGroup>
</Project>